
Microsoft Visual Studio Solution File, Format Version 12.00
# Visual Studio Version 16
VisualStudioVersion = 16.0.30621.155
MinimumVisualStudioVersion = 10.0.40219.1
Project("{FAE04EC0-301F-11D3-BF4B-00C04F79EFBC}") = "Petrenko-Goltsman_index", "Petrenko-Goltsman_index\Petrenko-Goltsman_index.csproj", "{1F9A5DFE-0B8A-4015-94AE-313560D2F212}"
EndProject
Global
	GlobalSection(SolutionConfigurationPlatforms) = preSolution
		Debug|Any CPU = Debug|Any CPU
		Release|Any CPU = Release|Any CPU
	EndGlobalSection
	GlobalSection(ProjectConfigurationPlatforms) = postSolution
		{1F9A5DFE-0B8A-4015-94AE-313560D2F212}.Debug|Any CPU.ActiveCfg = Debug|Any CPU
		{1F9A5DFE-0B8A-4015-94AE-313560D2F212}.Debug|Any CPU.Build.0 = Debug|Any CPU
		{1F9A5DFE-0B8A-4015-94AE-313560D2F212}.Release|Any CPU.ActiveCfg = Release|Any CPU
		{1F9A5DFE-0B8A-4015-94AE-313560D2F212}.Release|Any CPU.Build.0 = Release|Any CPU
	EndGlobalSection
	GlobalSection(SolutionProperties) = preSolution
		HideSolutionNode = FALSE
	EndGlobalSection
	GlobalSection(ExtensibilityGlobals) = postSolution
		SolutionGuid = {9134B414-13C4-4F22-BD1E-A2189016FC5B}
	EndGlobalSection
EndGlobal
